
Microsoft Visual Studio Solution File, Format Version 12.00
# Visual Studio Version 16
VisualStudioVersion = 16.0.31729.503
MinimumVisualStudioVersion = 10.0.40219.1
Project("{FAE04EC0-301F-11D3-BF4B-00C04F79EFBC}") = "Notes.Android", "Notes.Android\Notes.Android.csproj", "{99D6A754-CF5B-4017-A61C-3600D59FCA94}"
EndProject
Project("{FAE04EC0-301F-11D3-BF4B-00C04F79EFBC}") = "Notes.iOS", "Notes.iOS\Notes.iOS.csproj", "{B675763D-BD63-41D2-9142-36C2F11C7BE0}"
EndProject
Project("{FAE04EC0-301F-11D3-BF4B-00C04F79EFBC}") = "Notes", "Notes\Notes.csproj", "{52A1CC06-14D7-4A00-8A6A-3A0EEEFA1A78}"
EndProject
Global
	GlobalSection(SolutionConfigurationPlatforms) = preSolution
		Debug|Any CPU = Debug|Any CPU
		Debug|iPhone = Debug|iPhone
		Debug|iPhoneSimulator = Debug|iPhoneSimulator
		Release|Any CPU = Release|Any CPU
		Release|iPhone = Release|iPhone
		Release|iPhoneSimulator = Release|iPhoneSimulator
	EndGlobalSection
	GlobalSection(ProjectConfigurationPlatforms) = postSolution
		{99D6A754-CF5B-4017-A61C-3600D59FCA94}.Debug|Any CPU.ActiveCfg = Debug|Any CPU
		{99D6A754-CF5B-4017-A61C-3600D59FCA94}.Debug|Any CPU.Build.0 = Debug|Any CPU
		{99D6A754-CF5B-4017-A61C-3600D59FCA94}.Debug|Any CPU.Deploy.0 = Debug|Any CPU
		{99D6A754-CF5B-4017-A61C-3600D59FCA94}.Debug|iPhone.ActiveCfg = Debug|Any CPU
		{99D6A754-CF5B-4017-A61C-3600D59FCA94}.Debug|iPhone.Build.0 = Debug|Any CPU
		{99D6A754-CF5B-4017-A61C-3600D59FCA94}.Debug|iPhone.Deploy.0 = Debug|Any CPU
		{99D6A754-CF5B-4017-A61C-3600D59FCA94}.Debug|iPhoneSimulator.ActiveCfg = Debug|Any CPU
		{99D6A754-CF5B-4017-A61C-3600D59FCA94}.Debug|iPhoneSimulator.Build.0 = Debug|Any CPU
		{99D6A754-CF5B-4017-A61C-3600D59FCA94}.Debug|iPhoneSimulator.Deploy.0 = Debug|Any CPU
		{99D6A754-CF5B-4017-A61C-3600D59FCA94}.Release|Any CPU.ActiveCfg = Release|Any CPU
		{99D6A754-CF5B-4017-A61C-3600D59FCA94}.Release|Any CPU.Build.0 = Release|Any CPU
		{99D6A754-CF5B-4017-A61C-3600D59FCA94}.Release|Any CPU.Deploy.0 = Release|Any CPU
		{99D6A754-CF5B-4017-A61C-3600D59FCA94}.Release|iPhone.ActiveCfg = Release|Any CPU
		{99D6A754-CF5B-4017-A61C-3600D59FCA94}.Release|iPhone.Build.0 = Release|Any CPU
		{99D6A754-CF5B-4017-A61C-3600D59FCA94}.Release|iPhone.Deploy.0 = Release|Any CPU
		{99D6A754-CF5B-4017-A61C-3600D59FCA94}.Release|iPhoneSimulator.ActiveCfg = Release|Any CPU
		{99D6A754-CF5B-4017-A61C-3600D59FCA94}.Release|iPhoneSimulator.Build.0 = Release|Any CPU
		{99D6A754-CF5B-4017-A61C-3600D59FCA94}.Release|iPhoneSimulator.Deploy.0 = Release|Any CPU
		{B675763D-BD63-41D2-9142-36C2F11C7BE0}.Debug|Any CPU.ActiveCfg = Debug|iPhone
		{B675763D-BD63-41D2-9142-36C2F11C7BE0}.Debug|Any CPU.Build.0 = Debug|iPhone
		{B675763D-BD63-41D2-9142-36C2F11C7BE0}.Debug|Any CPU.Deploy.0 = Debug|iPhone
		{B675763D-BD63-41D2-9142-36C2F11C7BE0}.Debug|iPhone.ActiveCfg = Debug|iPhone
		{B675763D-BD63-41D2-9142-36C2F11C7BE0}.Debug|iPhone.Build.0 = Debug|iPhone
		{B675763D-BD63-41D2-9142-36C2F11C7BE0}.Debug|iPhone.Deploy.0 = Debug|iPhone
		{B675763D-BD63-41D2-9142-36C2F11C7BE0}.Debug|iPhoneSimulator.ActiveCfg = Debug|iPhoneSimulator
		{B675763D-BD63-41D2-9142-36C2F11C7BE0}.Debug|iPhoneSimulator.Build.0 = Debug|iPhoneSimulator
		{B675763D-BD63-41D2-9142-36C2F11C7BE0}.Debug|iPhoneSimulator.Deploy.0 = Debug|iPhoneSimulator
		{B675763D-BD63-41D2-9142-36C2F11C7BE0}.Release|Any CPU.ActiveCfg = Release|iPhoneSimulator
		{B675763D-BD63-41D2-9142-36C2F11C7BE0}.Release|Any CPU.Build.0 = Release|iPhoneSimulator
		{B675763D-BD63-41D2-9142-36C2F11C7BE0}.Release|Any CPU.Deploy.0 = Release|iPhoneSimulator
		{B675763D-BD63-41D2-9142-36C2F11C7BE0}.Release|iPhone.ActiveCfg = Release|iPhone
		{B675763D-BD63-41D2-9142-36C2F11C7BE0}.Release|iPhone.Build.0 = Release|iPhone
		{B675763D-BD63-41D2-9142-36C2F11C7BE0}.Release|iPhone.Deploy.0 = Release|iPhone
		{B675763D-BD63-41D2-9142-36C2F11C7BE0}.Release|iPhoneSimulator.ActiveCfg = Release|iPhoneSimulator
		{B675763D-BD63-41D2-9142-36C2F11C7BE0}.Release|iPhoneSimulator.Build.0 = Release|iPhoneSimulator
		{B675763D-BD63-41D2-9142-36C2F11C7BE0}.Release|iPhoneSimulator.Deploy.0 = Release|iPhoneSimulator
		{52A1CC06-14D7-4A00-8A6A-3A0EEEFA1A78}.Debug|Any CPU.ActiveCfg = Debug|Any CPU
		{52A1CC06-14D7-4A00-8A6A-3A0EEEFA1A78}.Debug|Any CPU.Build.0 = Debug|Any CPU
		{52A1CC06-14D7-4A00-8A6A-3A0EEEFA1A78}.Debug|Any CPU.Deploy.0 = Debug|Any CPU
		{52A1CC06-14D7-4A00-8A6A-3A0EEEFA1A78}.Debug|iPhone.ActiveCfg = Debug|Any CPU
		{52A1CC06-14D7-4A00-8A6A-3A0EEEFA1A78}.Debug|iPhone.Build.0 = Debug|Any CPU
		{52A1CC06-14D7-4A00-8A6A-3A0EEEFA1A78}.Debug|iPhone.Deploy.0 = Debug|Any CPU
		{52A1CC06-14D7-4A00-8A6A-3A0EEEFA1A78}.Debug|iPhoneSimulator.ActiveCfg = Debug|Any CPU
		{52A1CC06-14D7-4A00-8A6A-3A0EEEFA1A78}.Debug|iPhoneSimulator.Build.0 = Debug|Any CPU
		{52A1CC06-14D7-4A00-8A6A-3A0EEEFA1A78}.Debug|iPhoneSimulator.Deploy.0 = Debug|Any CPU
		{52A1CC06-14D7-4A00-8A6A-3A0EEEFA1A78}.Release|Any CPU.ActiveCfg = Release|Any CPU
		{52A1CC06-14D7-4A00-8A6A-3A0EEEFA1A78}.Release|Any CPU.Build.0 = Release|Any CPU
		{52A1CC06-14D7-4A00-8A6A-3A0EEEFA1A78}.Release|Any CPU.Deploy.0 = Release|Any CPU
		{52A1CC06-14D7-4A00-8A6A-3A0EEEFA1A78}.Release|iPhone.ActiveCfg = Release|Any CPU
		{52A1CC06-14D7-4A00-8A6A-3A0EEEFA1A78}.Release|iPhone.Build.0 = Release|Any CPU
		{52A1CC06-14D7-4A00-8A6A-3A0EEEFA1A78}.Release|iPhone.Deploy.0 = Release|Any CPU
		{52A1CC06-14D7-4A00-8A6A-3A0EEEFA1A78}.Release|iPhoneSimulator.ActiveCfg = Release|Any CPU
		{52A1CC06-14D7-4A00-8A6A-3A0EEEFA1A78}.Release|iPhoneSimulator.Build.0 = Release|Any CPU
		{52A1CC06-14D7-4A00-8A6A-3A0EEEFA1A78}.Release|iPhoneSimulator.Deploy.0 = Release|Any CPU
	EndGlobalSection
	GlobalSection(SolutionProperties) = preSolution
		HideSolutionNode = FALSE
	EndGlobalSection
	GlobalSection(ExtensibilityGlobals) = postSolution
		SolutionGuid = {FA3375FF-AD45-43EA-AB58-C75E4353569E}
	EndGlobalSection
EndGlobal
